
Microsoft Visual Studio Solution File, Format Version 12.00
# Visual Studio Version 17
VisualStudioVersion = 17.0.31903.59
MinimumVisualStudioVersion = 10.0.40219.1
Project("{2150E333-8FDC-42A3-9474-1A3956D46DE8}") = "backend", "backend", "{1AE8ACA6-933B-BF2A-3671-3E2EAC007D16}"
EndProject
Project("{2150E333-8FDC-42A3-9474-1A3956D46DE8}") = "src", "src", "{0F9113EE-888A-26D2-68B0-4A7D0A2A8745}"
EndProject
Project("{FAE04EC0-301F-11D3-BF4B-00C04F79EFBC}") = "ScrumMaster.Api", "backend\src\ScrumMaster.Api\ScrumMaster.Api.csproj", "{ED764B44-C447-466A-9522-F3BB5B2C4611}"
EndProject
Project("{FAE04EC0-301F-11D3-BF4B-00C04F79EFBC}") = "ScrumMaster.Api.Tests", "backend\tests\ScrumMaster.Api.Tests\ScrumMaster.Api.Tests.csproj", "{7E2EA175-BD63-4545-BA7E-266CA56A58AF}"
EndProject
Global
	GlobalSection(SolutionConfigurationPlatforms) = preSolution
		Debug|Any CPU = Debug|Any CPU
		Debug|x64 = Debug|x64
		Debug|x86 = Debug|x86
		Release|Any CPU = Release|Any CPU
		Release|x64 = Release|x64
		Release|x86 = Release|x86
	EndGlobalSection
	GlobalSection(ProjectConfigurationPlatforms) = postSolution
		{ED764B44-C447-466A-9522-F3BB5B2C4611}.Debug|Any CPU.ActiveCfg = Debug|Any CPU
		{ED764B44-C447-466A-9522-F3BB5B2C4611}.Debug|Any CPU.Build.0 = Debug|Any CPU
		{ED764B44-C447-466A-9522-F3BB5B2C4611}.Debug|x64.ActiveCfg = Debug|Any CPU
		{ED764B44-C447-466A-9522-F3BB5B2C4611}.Debug|x64.Build.0 = Debug|Any CPU
		{ED764B44-C447-466A-9522-F3BB5B2C4611}.Debug|x86.ActiveCfg = Debug|Any CPU
		{ED764B44-C447-466A-9522-F3BB5B2C4611}.Debug|x86.Build.0 = Debug|Any CPU
		{ED764B44-C447-466A-9522-F3BB5B2C4611}.Release|Any CPU.ActiveCfg = Release|Any CPU
		{ED764B44-C447-466A-9522-F3BB5B2C4611}.Release|Any CPU.Build.0 = Release|Any CPU
		{ED764B44-C447-466A-9522-F3BB5B2C4611}.Release|x64.ActiveCfg = Release|Any CPU
		{ED764B44-C447-466A-9522-F3BB5B2C4611}.Release|x64.Build.0 = Release|Any CPU
		{ED764B44-C447-466A-9522-F3BB5B2C4611}.Release|x86.ActiveCfg = Release|Any CPU
		{ED764B44-C447-466A-9522-F3BB5B2C4611}.Release|x86.Build.0 = Release|Any CPU
		{7E2EA175-BD63-4545-BA7E-266CA56A58AF}.Debug|Any CPU.ActiveCfg = Debug|Any CPU
		{7E2EA175-BD63-4545-BA7E-266CA56A58AF}.Debug|Any CPU.Build.0 = Debug|Any CPU
		{7E2EA175-BD63-4545-BA7E-266CA56A58AF}.Debug|x64.ActiveCfg = Debug|Any CPU
		{7E2EA175-BD63-4545-BA7E-266CA56A58AF}.Debug|x64.Build.0 = Debug|Any CPU
		{7E2EA175-BD63-4545-BA7E-266CA56A58AF}.Debug|x86.ActiveCfg = Debug|Any CPU
		{7E2EA175-BD63-4545-BA7E-266CA56A58AF}.Debug|x86.Build.0 = Debug|Any CPU
		{7E2EA175-BD63-4545-BA7E-266CA56A58AF}.Release|Any CPU.ActiveCfg = Release|Any CPU
		{7E2EA175-BD63-4545-BA7E-266CA56A58AF}.Release|Any CPU.Build.0 = Release|Any CPU
		{7E2EA175-BD63-4545-BA7E-266CA56A58AF}.Release|x64.ActiveCfg = Release|Any CPU
		{7E2EA175-BD63-4545-BA7E-266CA56A58AF}.Release|x64.Build.0 = Release|Any CPU
		{7E2EA175-BD63-4545-BA7E-266CA56A58AF}.Release|x86.ActiveCfg = Release|Any CPU
		{7E2EA175-BD63-4545-BA7E-266CA56A58AF}.Release|x86.Build.0 = Release|Any CPU
	EndGlobalSection
	GlobalSection(SolutionProperties) = preSolution
		HideSolutionNode = FALSE
	EndGlobalSection
	GlobalSection(NestedProjects) = preSolution
		{0F9113EE-888A-26D2-68B0-4A7D0A2A8745} = {1AE8ACA6-933B-BF2A-3671-3E2EAC007D16}
		{ED764B44-C447-466A-9522-F3BB5B2C4611} = {0F9113EE-888A-26D2-68B0-4A7D0A2A8745}
		{7E2EA175-BD63-4545-BA7E-266CA56A58AF} = {0F9113EE-888A-26D2-68B0-4A7D0A2A8745}
	EndGlobalSection
EndGlobal
